
Microsoft Visual Studio Solution File, Format Version 12.00
# Visual Studio Version 17
VisualStudioVersion = 17.12.35707.178 d17.12
MinimumVisualStudioVersion = 10.0.40219.1
Project("{FAE04EC0-301F-11D3-BF4B-00C04F79EFBC}") = "OrderMgmt.Api", "OrderMgmt.Api\OrderMgmt.Api.csproj", "{A1A312BC-13CB-408E-A7BC-CABC5702B538}"
EndProject
Project("{FAE04EC0-301F-11D3-BF4B-00C04F79EFBC}") = "OrderMgmt.Tests", "OrderMgmt.Tests\OrderMgmt.Tests.csproj", "{883760EB-E66E-4347-BECA-51384774C010}"
EndProject
Project("{FAE04EC0-301F-11D3-BF4B-00C04F79EFBC}") = "OrderMgmt.Domain", "OrderMgmt.Domain\OrderMgmt.Domain.csproj", "{4F6F1D4B-31FC-4404-BFD4-A54EBDBB0E38}"
EndProject
Global
	GlobalSection(SolutionConfigurationPlatforms) = preSolution
		Debug|Any CPU = Debug|Any CPU
		Release|Any CPU = Release|Any CPU
	EndGlobalSection
	GlobalSection(ProjectConfigurationPlatforms) = postSolution
		{A1A312BC-13CB-408E-A7BC-CABC5702B538}.Debug|Any CPU.ActiveCfg = Debug|Any CPU
		{A1A312BC-13CB-408E-A7BC-CABC5702B538}.Debug|Any CPU.Build.0 = Debug|Any CPU
		{A1A312BC-13CB-408E-A7BC-CABC5702B538}.Release|Any CPU.ActiveCfg = Release|Any CPU
		{A1A312BC-13CB-408E-A7BC-CABC5702B538}.Release|Any CPU.Build.0 = Release|Any CPU
		{883760EB-E66E-4347-BECA-51384774C010}.Debug|Any CPU.ActiveCfg = Debug|Any CPU
		{883760EB-E66E-4347-BECA-51384774C010}.Debug|Any CPU.Build.0 = Debug|Any CPU
		{883760EB-E66E-4347-BECA-51384774C010}.Release|Any CPU.ActiveCfg = Release|Any CPU
		{883760EB-E66E-4347-BECA-51384774C010}.Release|Any CPU.Build.0 = Release|Any CPU
		{4F6F1D4B-31FC-4404-BFD4-A54EBDBB0E38}.Debug|Any CPU.ActiveCfg = Debug|Any CPU
		{4F6F1D4B-31FC-4404-BFD4-A54EBDBB0E38}.Debug|Any CPU.Build.0 = Debug|Any CPU
		{4F6F1D4B-31FC-4404-BFD4-A54EBDBB0E38}.Release|Any CPU.ActiveCfg = Release|Any CPU
		{4F6F1D4B-31FC-4404-BFD4-A54EBDBB0E38}.Release|Any CPU.Build.0 = Release|Any CPU
	EndGlobalSection
	GlobalSection(SolutionProperties) = preSolution
		HideSolutionNode = FALSE
	EndGlobalSection
EndGlobal
